// !$*UTF8*$!
{
	archiveVersion = 1;
	classes = {
	};
	objectVersion = 50;
	objects = {

/* Begin PBXBuildFile section */
		B1577A3325057EF1004A5C61 /* Navigation.framework in Frameworks */ = {isa = PBXBuildFile; fileRef = B1577A2925057EF1004A5C61 /* Navigation.framework */; };
		B1577A3825057EF1004A5C61 /* NavigationTests.swift in Sources */ = {isa = PBXBuildFile; fileRef = B1577A3725057EF1004A5C61 /* NavigationTests.swift */; };
		B1577A3A25057EF1004A5C61 /* Navigation.h in Headers */ = {isa = PBXBuildFile; fileRef = B1577A2C25057EF1004A5C61 /* Navigation.h */; settings = {ATTRIBUTES = (Public, ); }; };
		B1577A4425058B27004A5C61 /* Navigator.swift in Sources */ = {isa = PBXBuildFile; fileRef = B1577A4325058B27004A5C61 /* Navigator.swift */; };
		B1577A4725059199004A5C61 /* DestinationRegistrar.swift in Sources */ = {isa = PBXBuildFile; fileRef = B1577A4625059199004A5C61 /* DestinationRegistrar.swift */; };
		B1577A492505E79F004A5C61 /* DestinationDetails.swift in Sources */ = {isa = PBXBuildFile; fileRef = B1577A482505E79F004A5C61 /* DestinationDetails.swift */; };
		B1577A4C2505F797004A5C61 /* NavigationUtils.swift in Sources */ = {isa = PBXBuildFile; fileRef = B1577A4B2505F796004A5C61 /* NavigationUtils.swift */; };
		B1577A4F25060C4F004A5C61 /* DynamicDestination.swift in Sources */ = {isa = PBXBuildFile; fileRef = B1577A4E25060C4F004A5C61 /* DynamicDestination.swift */; };
		B1577A5125060D26004A5C61 /* DestinationViewProvider.swift in Sources */ = {isa = PBXBuildFile; fileRef = B1577A5025060D26004A5C61 /* DestinationViewProvider.swift */; };
/* End PBXBuildFile section */

/* Begin PBXContainerItemProxy section */
		B1577A3425057EF1004A5C61 /* PBXContainerItemProxy */ = {
			isa = PBXContainerItemProxy;
			containerPortal = B1577A2025057EF1004A5C61 /* Project object */;
			proxyType = 1;
			remoteGlobalIDString = B1577A2825057EF1004A5C61;
			remoteInfo = Navigation;
		};
/* End PBXContainerItemProxy section */

/* Begin PBXFileReference section */
		B1577A2925057EF1004A5C61 /* Navigation.framework */ = {isa = PBXFileReference; explicitFileType = wrapper.framework; includeInIndex = 0; path = Navigation.framework; sourceTree = BUILT_PRODUCTS_DIR; };
		B1577A2C25057EF1004A5C61 /* Navigation.h */ = {isa = PBXFileReference; lastKnownFileType = sourcecode.c.h; path = Navigation.h; sourceTree = "<group>"; };
		B1577A2D25057EF1004A5C61 /* Info.plist */ = {isa = PBXFileReference; lastKnownFileType = text.plist.xml; path = Info.plist; sourceTree = "<group>"; };
		B1577A3225057EF1004A5C61 /* NavigationTests.xctest */ = {isa = PBXFileReference; explicitFileType = wrapper.cfbundle; includeInIndex = 0; path = NavigationTests.xctest; sourceTree = BUILT_PRODUCTS_DIR; };
		B1577A3725057EF1004A5C61 /* NavigationTests.swift */ = {isa = PBXFileReference; lastKnownFileType = sourcecode.swift; path = NavigationTests.swift; sourceTree = "<group>"; };
		B1577A3925057EF1004A5C61 /* Info.plist */ = {isa = PBXFileReference; lastKnownFileType = text.plist.xml; path = Info.plist; sourceTree = "<group>"; };
		B1577A4325058B27004A5C61 /* Navigator.swift */ = {isa = PBXFileReference; lastKnownFileType = sourcecode.swift; path = Navigator.swift; sourceTree = "<group>"; };
		B1577A4625059199004A5C61 /* DestinationRegistrar.swift */ = {isa = PBXFileReference; lastKnownFileType = sourcecode.swift; path = DestinationRegistrar.swift; sourceTree = "<group>"; };
		B1577A482505E79F004A5C61 /* DestinationDetails.swift */ = {isa = PBXFileReference; lastKnownFileType = sourcecode.swift; path = DestinationDetails.swift; sourceTree = "<group>"; };
		B1577A4B2505F796004A5C61 /* NavigationUtils.swift */ = {isa = PBXFileReference; lastKnownFileType = sourcecode.swift; path = NavigationUtils.swift; sourceTree = "<group>"; };
		B1577A4E25060C4F004A5C61 /* DynamicDestination.swift */ = {isa = PBXFileReference; lastKnownFileType = sourcecode.swift; path = DynamicDestination.swift; sourceTree = "<group>"; };
		B1577A5025060D26004A5C61 /* DestinationViewProvider.swift */ = {isa = PBXFileReference; lastKnownFileType = sourcecode.swift; path = DestinationViewProvider.swift; sourceTree = "<group>"; };
/* End PBXFileReference section */

/* Begin PBXFrameworksBuildPhase section */
		B1577A2625057EF1004A5C61 /* Frameworks */ = {
			isa = PBXFrameworksBuildPhase;
			buildActionMask = 2147483647;
			files = (
			);
			runOnlyForDeploymentPostprocessing = 0;
		};
		B1577A2F25057EF1004A5C61 /* Frameworks */ = {
			isa = PBXFrameworksBuildPhase;
			buildActionMask = 2147483647;
			files = (
				B1577A3325057EF1004A5C61 /* Navigation.framework in Frameworks */,
			);
			runOnlyForDeploymentPostprocessing = 0;
		};
/* End PBXFrameworksBuildPhase section */

/* Begin PBXGroup section */
		B1577A1F25057EF1004A5C61 = {
			isa = PBXGroup;
			children = (
				B1577A2B25057EF1004A5C61 /* Navigation */,
				B1577A3625057EF1004A5C61 /* NavigationTests */,
				B1577A2A25057EF1004A5C61 /* Products */,
			);
			sourceTree = "<group>";
		};
		B1577A2A25057EF1004A5C61 /* Products */ = {
			isa = PBXGroup;
			children = (
				B1577A2925057EF1004A5C61 /* Navigation.framework */,
				B1577A3225057EF1004A5C61 /* NavigationTests.xctest */,
			);
			name = Products;
			sourceTree = "<group>";
		};
		B1577A2B25057EF1004A5C61 /* Navigation */ = {
			isa = PBXGroup;
			children = (
				B1577A4D25060C0C004A5C61 /* ConsumerProtocols */,
				B1577A452505914F004A5C61 /* Public */,
				B1577A4A2505F73A004A5C61 /* Utils */,
				B1577A2C25057EF1004A5C61 /* Navigation.h */,
				B1577A2D25057EF1004A5C61 /* Info.plist */,
			);
			path = Navigation;
			sourceTree = "<group>";
		};
		B1577A3625057EF1004A5C61 /* NavigationTests */ = {
			isa = PBXGroup;
			children = (
				B1577A3725057EF1004A5C61 /* NavigationTests.swift */,
				B1577A3925057EF1004A5C61 /* Info.plist */,
			);
			path = NavigationTests;
			sourceTree = "<group>";
		};
		B1577A452505914F004A5C61 /* Public */ = {
			isa = PBXGroup;
			children = (
				B1577A4325058B27004A5C61 /* Navigator.swift */,
				B1577A4625059199004A5C61 /* DestinationRegistrar.swift */,
				B1577A482505E79F004A5C61 /* DestinationDetails.swift */,
			);
			path = Public;
			sourceTree = "<group>";
		};
		B1577A4A2505F73A004A5C61 /* Utils */ = {
			isa = PBXGroup;
			children = (
				B1577A4B2505F796004A5C61 /* NavigationUtils.swift */,
			);
			path = Utils;
			sourceTree = "<group>";
		};
		B1577A4D25060C0C004A5C61 /* ConsumerProtocols */ = {
			isa = PBXGroup;
			children = (
				B1577A4E25060C4F004A5C61 /* DynamicDestination.swift */,
				B1577A5025060D26004A5C61 /* DestinationViewProvider.swift */,
			);
			path = ConsumerProtocols;
			sourceTree = "<group>";
		};
/* End PBXGroup section */

/* Begin PBXHeadersBuildPhase section */
		B1577A2425057EF1004A5C61 /* Headers */ = {
			isa = PBXHeadersBuildPhase;
			buildActionMask = 2147483647;
			files = (
				B1577A3A25057EF1004A5C61 /* Navigation.h in Headers */,
			);
			runOnlyForDeploymentPostprocessing = 0;
		};
/* End PBXHeadersBuildPhase section */

/* Begin PBXNativeTarget section */
		B1577A2825057EF1004A5C61 /* Navigation */ = {
			isa = PBXNativeTarget;
			buildConfigurationList = B1577A3D25057EF1004A5C61 /* Build configuration list for PBXNativeTarget "Navigation" */;
			buildPhases = (
				B1577A2425057EF1004A5C61 /* Headers */,
				B1577A2525057EF1004A5C61 /* Sources */,
				B1577A2625057EF1004A5C61 /* Frameworks */,
				B1577A2725057EF1004A5C61 /* Resources */,
			);
			buildRules = (
			);
			dependencies = (
			);
			name = Navigation;
			productName = Navigation;
			productReference = B1577A2925057EF1004A5C61 /* Navigation.framework */;
			productType = "com.apple.product-type.framework";
		};
		B1577A3125057EF1004A5C61 /* NavigationTests */ = {
			isa = PBXNativeTarget;
			buildConfigurationList = B1577A4025057EF1004A5C61 /* Build configuration list for PBXNativeTarget "NavigationTests" */;
			buildPhases = (
				B1577A2E25057EF1004A5C61 /* Sources */,
				B1577A2F25057EF1004A5C61 /* Frameworks */,
				B1577A3025057EF1004A5C61 /* Resources */,
			);
			buildRules = (
			);
			dependencies = (
				B1577A3525057EF1004A5C61 /* PBXTargetDependency */,
			);
			name = NavigationTests;
			productName = NavigationTests;
			productReference = B1577A3225057EF1004A5C61 /* NavigationTests.xctest */;
			productType = "com.apple.product-type.bundle.unit-test";
		};
/* End PBXNativeTarget section */

/* Begin PBXProject section */
		B1577A2025057EF1004A5C61 /* Project object */ = {
			isa = PBXProject;
			attributes = {
				LastSwiftUpdateCheck = 1170;
				LastUpgradeCheck = 1170;
				ORGANIZATIONNAME = NorpSwizzler;
				TargetAttributes = {
					B1577A2825057EF1004A5C61 = {
						CreatedOnToolsVersion = 11.7;
						LastSwiftMigration = 1170;
					};
					B1577A3125057EF1004A5C61 = {
						CreatedOnToolsVersion = 11.7;
					};
				};
			};
			buildConfigurationList = B1577A2325057EF1004A5C61 /* Build configuration list for PBXProject "Navigation" */;
			compatibilityVersion = "Xcode 9.3";
			developmentRegion = en;
			hasScannedForEncodings = 0;
			knownRegions = (
				en,
				Base,
			);
			mainGroup = B1577A1F25057EF1004A5C61;
			productRefGroup = B1577A2A25057EF1004A5C61 /* Products */;
			projectDirPath = "";
			projectRoot = "";
			targets = (
				B1577A2825057EF1004A5C61 /* Navigation */,
				B1577A3125057EF1004A5C61 /* NavigationTests */,
			);
		};
/* End PBXProject section */

/* Begin PBXResourcesBuildPhase section */
		B1577A2725057EF1004A5C61 /* Resources */ = {
			isa = PBXResourcesBuildPhase;
			buildActionMask = 2147483647;
			files = (
			);
			runOnlyForDeploymentPostprocessing = 0;
		};
		B1577A3025057EF1004A5C61 /* Resources */ = {
			isa = PBXResourcesBuildPhase;
			buildActionMask = 2147483647;
			files = (
			);
			runOnlyForDeploymentPostprocessing = 0;
		};
/* End PBXResourcesBuildPhase section */

/* Begin PBXSourcesBuildPhase section */
		B1577A2525057EF1004A5C61 /* Sources */ = {
			isa = PBXSourcesBuildPhase;
			buildActionMask = 2147483647;
			files = (
				B1577A492505E79F004A5C61 /* DestinationDetails.swift in Sources */,
				B1577A4C2505F797004A5C61 /* NavigationUtils.swift in Sources */,
				B1577A4725059199004A5C61 /* DestinationRegistrar.swift in Sources */,
				B1577A4425058B27004A5C61 /* Navigator.swift in Sources */,
				B1577A5125060D26004A5C61 /* DestinationViewProvider.swift in Sources */,
				B1577A4F25060C4F004A5C61 /* DynamicDestination.swift in Sources */,
			);
			runOnlyForDeploymentPostprocessing = 0;
		};
		B1577A2E25057EF1004A5C61 /* Sources */ = {
			isa = PBXSourcesBuildPhase;
			buildActionMask = 2147483647;
			files = (
				B1577A3825057EF1004A5C61 /* NavigationTests.swift in Sources */,
			);
			runOnlyForDeploymentPostprocessing = 0;
		};
/* End PBXSourcesBuildPhase section */

/* Begin PBXTargetDependency section */
		B1577A3525057EF1004A5C61 /* PBXTargetDependency */ = {
			isa = PBXTargetDependency;
			target = B1577A2825057EF1004A5C61 /* Navigation */;
			targetProxy = B1577A3425057EF1004A5C61 /* PBXContainerItemProxy */;
		};
/* End PBXTargetDependency section */

/* Begin XCBuildConfiguration section */
		B1577A3B25057EF1004A5C61 /* Debug */ = {
			isa = XCBuildConfiguration;
			buildSettings = {
				ALWAYS_SEARCH_USER_PATHS = NO;
				CLANG_ANALYZER_NONNULL = YES;
				CLANG_ANALYZER_NUMBER_OBJECT_CONVERSION = YES_AGGRESSIVE;
				CLANG_CXX_LANGUAGE_STANDARD = "gnu++14";
				CLANG_CXX_LIBRARY = "libc++";
				CLANG_ENABLE_MODULES = YES;
				CLANG_ENABLE_OBJC_ARC = YES;
				CLANG_ENABLE_OBJC_WEAK = YES;
				CLANG_WARN_BLOCK_CAPTURE_AUTORELEASING = YES;
				CLANG_WARN_BOOL_CONVERSION = YES;
				CLANG_WARN_COMMA = YES;
				CLANG_WARN_CONSTANT_CONVERSION = YES;
				CLANG_WARN_DEPRECATED_OBJC_IMPLEMENTATIONS = YES;
				CLANG_WARN_DIRECT_OBJC_ISA_USAGE = YES_ERROR;
				CLANG_WARN_DOCUMENTATION_COMMENTS = YES;
				CLANG_WARN_EMPTY_BODY = YES;
				CLANG_WARN_ENUM_CONVERSION = YES;
				CLANG_WARN_INFINITE_RECURSION = YES;
				CLANG_WARN_INT_CONVERSION = YES;
				CLANG_WARN_NON_LITERAL_NULL_CONVERSION = YES;
				CLANG_WARN_OBJC_IMPLICIT_RETAIN_SELF = YES;
				CLANG_WARN_OBJC_LITERAL_CONVERSION = YES;
				CLANG_WARN_OBJC_ROOT_CLASS = YES_ERROR;
				CLANG_WARN_RANGE_LOOP_ANALYSIS = YES;
				CLANG_WARN_STRICT_PROTOTYPES = YES;
				CLANG_WARN_SUSPICIOUS_MOVE = YES;
				CLANG_WARN_UNGUARDED_AVAILABILITY = YES_AGGRESSIVE;
				CLANG_WARN_UNREACHABLE_CODE = YES;
				CLANG_WARN__DUPLICATE_METHOD_MATCH = YES;
				COPY_PHASE_STRIP = NO;
				CURRENT_PROJECT_VERSION = 1;
				DEBUG_INFORMATION_FORMAT = dwarf;
				ENABLE_STRICT_OBJC_MSGSEND = YES;
				ENABLE_TESTABILITY = YES;
				GCC_C_LANGUAGE_STANDARD = gnu11;
				GCC_DYNAMIC_NO_PIC = NO;
				GCC_NO_COMMON_BLOCKS = YES;
				GCC_OPTIMIZATION_LEVEL = 0;
				GCC_PREPROCESSOR_DEFINITIONS = (
					"DEBUG=1",
					"$(inherited)",
				);
				GCC_WARN_64_TO_32_BIT_CONVERSION = YES;
				GCC_WARN_ABOUT_RETURN_TYPE = YES_ERROR;
				GCC_WARN_UNDECLARED_SELECTOR = YES;
				GCC_WARN_UNINITIALIZED_AUTOS = YES_AGGRESSIVE;
				GCC_WARN_UNUSED_FUNCTION = YES;
				GCC_WARN_UNUSED_VARIABLE = YES;
				IPHONEOS_DEPLOYMENT_TARGET = 13.7;
				MTL_ENABLE_DEBUG_INFO = INCLUDE_SOURCE;
				MTL_FAST_MATH = YES;
				ONLY_ACTIVE_ARCH = YES;
				SDKROOT = iphoneos;
				SWIFT_ACTIVE_COMPILATION_CONDITIONS = DEBUG;
				SWIFT_OPTIMIZATION_LEVEL = "-Onone";
				VERSIONING_SYSTEM = "apple-generic";
				VERSION_INFO_PREFIX = "";
			};
			name = Debug;
		};
		B1577A3C25057EF1004A5C61 /* Release */ = {
			isa = XCBuildConfiguration;
			buildSettings = {
				ALWAYS_SEARCH_USER_PATHS = NO;
				CLANG_ANALYZER_NONNULL = YES;
				CLANG_ANALYZER_NUMBER_OBJECT_CONVERSION = YES_AGGRESSIVE;
				CLANG_CXX_LANGUAGE_STANDARD = "gnu++14";
				CLANG_CXX_LIBRARY = "libc++";
				CLANG_ENABLE_MODULES = YES;
				CLANG_ENABLE_OBJC_ARC = YES;
				CLANG_ENABLE_OBJC_WEAK = YES;
				CLANG_WARN_BLOCK_CAPTURE_AUTORELEASING = YES;
				CLANG_WARN_BOOL_CONVERSION = YES;
				CLANG_WARN_COMMA = YES;
				CLANG_WARN_CONSTANT_CONVERSION = YES;
				CLANG_WARN_DEPRECATED_OBJC_IMPLEMENTATIONS = YES;
				CLANG_WARN_DIRECT_OBJC_ISA_USAGE = YES_ERROR;
				CLANG_WARN_DOCUMENTATION_COMMENTS = YES;
				CLANG_WARN_EMPTY_BODY = YES;
				CLANG_WARN_ENUM_CONVERSION = YES;
				CLANG_WARN_INFINITE_RECURSION = YES;
				CLANG_WARN_INT_CONVERSION = YES;
				CLANG_WARN_NON_LITERAL_NULL_CONVERSION = YES;
				CLANG_WARN_OBJC_IMPLICIT_RETAIN_SELF = YES;
				CLANG_WARN_OBJC_LITERAL_CONVERSION = YES;
				CLANG_WARN_OBJC_ROOT_CLASS = YES_ERROR;
				CLANG_WARN_RANGE_LOOP_ANALYSIS = YES;
				CLANG_WARN_STRICT_PROTOTYPES = YES;
				CLANG_WARN_SUSPICIOUS_MOVE = YES;
				CLANG_WARN_UNGUARDED_AVAILABILITY = YES_AGGRESSIVE;
				CLANG_WARN_UNREACHABLE_CODE = YES;
				CLANG_WARN__DUPLICATE_METHOD_MATCH = YES;
				COPY_PHASE_STRIP = NO;
				CURRENT_PROJECT_VERSION = 1;
				DEBUG_INFORMATION_FORMAT = "dwarf-with-dsym";
				ENABLE_NS_ASSERTIONS = NO;
				ENABLE_STRICT_OBJC_MSGSEND = YES;
				GCC_C_LANGUAGE_STANDARD = gnu11;
				GCC_NO_COMMON_BLOCKS = YES;
				GCC_WARN_64_TO_32_BIT_CONVERSION = YES;
				GCC_WARN_ABOUT_RETURN_TYPE = YES_ERROR;
				GCC_WARN_UNDECLARED_SELECTOR = YES;
				GCC_WARN_UNINITIALIZED_AUTOS = YES_AGGRESSIVE;
				GCC_WARN_UNUSED_FUNCTION = YES;
				GCC_WARN_UNUSED_VARIABLE = YES;
				IPHONEOS_DEPLOYMENT_TARGET = 13.7;
				MTL_ENABLE_DEBUG_INFO = NO;
				MTL_FAST_MATH = YES;
				SDKROOT = iphoneos;
				SWIFT_COMPILATION_MODE = wholemodule;
				SWIFT_OPTIMIZATION_LEVEL = "-O";
				VALIDATE_PRODUCT = YES;
				VERSIONING_SYSTEM = "apple-generic";
				VERSION_INFO_PREFIX = "";
			};
			name = Release;
		};
		B1577A3E25057EF1004A5C61 /* Debug */ = {
			isa = XCBuildConfiguration;
			buildSettings = {
				CLANG_ENABLE_MODULES = YES;
				CODE_SIGN_STYLE = Automatic;
				DEFINES_MODULE = YES;
				DEVELOPMENT_TEAM = ACNDGP2FTQ;
				DYLIB_COMPATIBILITY_VERSION = 1;
				DYLIB_CURRENT_VERSION = 1;
				DYLIB_INSTALL_NAME_BASE = "@rpath";
				INFOPLIST_FILE = Navigation/Info.plist;
				INSTALL_PATH = "$(LOCAL_LIBRARY_DIR)/Frameworks";
				LD_RUNPATH_SEARCH_PATHS = (
					"$(inherited)",
					"@executable_path/Frameworks",
					"@loader_path/Frameworks",
				);
				PRODUCT_BUNDLE_IDENTIFIER = com.norpswizzler.Navigation;
				PRODUCT_NAME = "$(TARGET_NAME:c99extidentifier)";
				SKIP_INSTALL = YES;
				SUPPORTS_MACCATALYST = YES;
				SWIFT_OPTIMIZATION_LEVEL = "-Onone";
				SWIFT_VERSION = 5.0;
				TARGETED_DEVICE_FAMILY = "1,2";
			};
			name = Debug;
		};
		B1577A3F25057EF1004A5C61 /* Release */ = {
			isa = XCBuildConfiguration;
			buildSettings = {
				CLANG_ENABLE_MODULES = YES;
				CODE_SIGN_STYLE = Automatic;
				DEFINES_MODULE = YES;
				DEVELOPMENT_TEAM = ACNDGP2FTQ;
				DYLIB_COMPATIBILITY_VERSION = 1;
				DYLIB_CURRENT_VERSION = 1;
				DYLIB_INSTALL_NAME_BASE = "@rpath";
				INFOPLIST_FILE = Navigation/Info.plist;
				INSTALL_PATH = "$(LOCAL_LIBRARY_DIR)/Frameworks";
				LD_RUNPATH_SEARCH_PATHS = (
					"$(inherited)",
					"@executable_path/Frameworks",
					"@loader_path/Frameworks",
				);
				PRODUCT_BUNDLE_IDENTIFIER = com.norpswizzler.Navigation;
				PRODUCT_NAME = "$(TARGET_NAME:c99extidentifier)";
				SKIP_INSTALL = YES;
				SUPPORTS_MACCATALYST = YES;
				SWIFT_VERSION = 5.0;
				TARGETED_DEVICE_FAMILY = "1,2";
			};
			name = Release;
		};
		B1577A4125057EF1004A5C61 /* Debug */ = {
			isa = XCBuildConfiguration;
			buildSettings = {
				ALWAYS_EMBED_SWIFT_STANDARD_LIBRARIES = YES;
				CODE_SIGN_STYLE = Automatic;
				DEVELOPMENT_TEAM = ACNDGP2FTQ;
				INFOPLIST_FILE = NavigationTests/Info.plist;
				LD_RUNPATH_SEARCH_PATHS = (
					"$(inherited)",
					"@executable_path/Frameworks",
					"@loader_path/Frameworks",
				);
				PRODUCT_BUNDLE_IDENTIFIER = com.norpswizzler.NavigationTests;
				PRODUCT_NAME = "$(TARGET_NAME)";
				SWIFT_VERSION = 5.0;
				TARGETED_DEVICE_FAMILY = "1,2";
			};
			name = Debug;
		};
		B1577A4225057EF1004A5C61 /* Release */ = {
			isa = XCBuildConfiguration;
			buildSettings = {
				ALWAYS_EMBED_SWIFT_STANDARD_LIBRARIES = YES;
				CODE_SIGN_STYLE = Automatic;
				DEVELOPMENT_TEAM = ACNDGP2FTQ;
				INFOPLIST_FILE = NavigationTests/Info.plist;
				LD_RUNPATH_SEARCH_PATHS = (
					"$(inherited)",
					"@executable_path/Frameworks",
					"@loader_path/Frameworks",
				);
				PRODUCT_BUNDLE_IDENTIFIER = com.norpswizzler.NavigationTests;
				PRODUCT_NAME = "$(TARGET_NAME)";
				SWIFT_VERSION = 5.0;
				TARGETED_DEVICE_FAMILY = "1,2";
			};
			name = Release;
		};
/* End XCBuildConfiguration section */

/* Begin XCConfigurationList section */
		B1577A2325057EF1004A5C61 /* Build configuration list for PBXProject "Navigation" */ = {
			isa = XCConfigurationList;
			buildConfigurations = (
				B1577A3B25057EF1004A5C61 /* Debug */,
				B1577A3C25057EF1004A5C61 /* Release */,
			);
			defaultConfigurationIsVisible = 0;
			defaultConfigurationName = Release;
		};
		B1577A3D25057EF1004A5C61 /* Build configuration list for PBXNativeTarget "Navigation" */ = {
			isa = XCConfigurationList;
			buildConfigurations = (
				B1577A3E25057EF1004A5C61 /* Debug */,
				B1577A3F25057EF1004A5C61 /* Release */,
			);
			defaultConfigurationIsVisible = 0;
			defaultConfigurationName = Release;
		};
		B1577A4025057EF1004A5C61 /* Build configuration list for PBXNativeTarget "NavigationTests" */ = {
			isa = XCConfigurationList;
			buildConfigurations = (
				B1577A4125057EF1004A5C61 /* Debug */,
				B1577A4225057EF1004A5C61 /* Release */,
			);
			defaultConfigurationIsVisible = 0;
			defaultConfigurationName = Release;
		};
/* End XCConfigurationList section */
	};
	rootObject = B1577A2025057EF1004A5C61 /* Project object */;
}
